// !$*UTF8*$!
{
	archiveVersion = 1;
	classes = {
	};
	objectVersion = 46;
	objects = {

/* Begin PBXBuildFile section */
		FF4BC68C1EE1EFA8004A74D7 /* main.m in Sources */ = {isa = PBXBuildFile; fileRef = FF4BC68B1EE1EFA8004A74D7 /* main.m */; };
		FF4BC6941EE1F575004A74D7 /* PaymentGateway.m in Sources */ = {isa = PBXBuildFile; fileRef = FF4BC6931EE1F575004A74D7 /* PaymentGateway.m */; };
		FF4BC6971EE1F65D004A74D7 /* PaypalPaymentService.m in Sources */ = {isa = PBXBuildFile; fileRef = FF4BC6961EE1F65D004A74D7 /* PaypalPaymentService.m */; };
		FF4BC69A1EE1F676004A74D7 /* StripePaymentService.m in Sources */ = {isa = PBXBuildFile; fileRef = FF4BC6991EE1F676004A74D7 /* StripePaymentService.m */; };
		FF4BC69D1EE1F683004A74D7 /* AmazonPaymentService.m in Sources */ = {isa = PBXBuildFile; fileRef = FF4BC69C1EE1F683004A74D7 /* AmazonPaymentService.m */; };
		FF4BC6A01EE1FEEB004A74D7 /* ApplePaymentService.m in Sources */ = {isa = PBXBuildFile; fileRef = FF4BC69F1EE1FEEB004A74D7 /* ApplePaymentService.m */; };
/* End PBXBuildFile section */

/* Begin PBXCopyFilesBuildPhase section */
		FF4BC6861EE1EFA8004A74D7 /* CopyFiles */ = {
			isa = PBXCopyFilesBuildPhase;
			buildActionMask = 2147483647;
			dstPath = /usr/share/man/man1/;
			dstSubfolderSpec = 0;
			files = (
			);
			runOnlyForDeploymentPostprocessing = 1;
		};
/* End PBXCopyFilesBuildPhase section */

/* Begin PBXFileReference section */
		FF4BC6881EE1EFA8004A74D7 /* Payments */ = {isa = PBXFileReference; explicitFileType = "compiled.mach-o.executable"; includeInIndex = 0; path = Payments; sourceTree = BUILT_PRODUCTS_DIR; };
		FF4BC68B1EE1EFA8004A74D7 /* main.m */ = {isa = PBXFileReference; lastKnownFileType = sourcecode.c.objc; path = main.m; sourceTree = "<group>"; };
		FF4BC6921EE1F575004A74D7 /* PaymentGateway.h */ = {isa = PBXFileReference; fileEncoding = 4; lastKnownFileType = sourcecode.c.h; path = PaymentGateway.h; sourceTree = "<group>"; };
		FF4BC6931EE1F575004A74D7 /* PaymentGateway.m */ = {isa = PBXFileReference; fileEncoding = 4; lastKnownFileType = sourcecode.c.objc; path = PaymentGateway.m; sourceTree = "<group>"; };
		FF4BC6951EE1F65D004A74D7 /* PaypalPaymentService.h */ = {isa = PBXFileReference; fileEncoding = 4; lastKnownFileType = sourcecode.c.h; path = PaypalPaymentService.h; sourceTree = "<group>"; };
		FF4BC6961EE1F65D004A74D7 /* PaypalPaymentService.m */ = {isa = PBXFileReference; fileEncoding = 4; lastKnownFileType = sourcecode.c.objc; path = PaypalPaymentService.m; sourceTree = "<group>"; };
		FF4BC6981EE1F676004A74D7 /* StripePaymentService.h */ = {isa = PBXFileReference; fileEncoding = 4; lastKnownFileType = sourcecode.c.h; path = StripePaymentService.h; sourceTree = "<group>"; };
		FF4BC6991EE1F676004A74D7 /* StripePaymentService.m */ = {isa = PBXFileReference; fileEncoding = 4; lastKnownFileType = sourcecode.c.objc; path = StripePaymentService.m; sourceTree = "<group>"; };
		FF4BC69B1EE1F683004A74D7 /* AmazonPaymentService.h */ = {isa = PBXFileReference; fileEncoding = 4; lastKnownFileType = sourcecode.c.h; path = AmazonPaymentService.h; sourceTree = "<group>"; };
		FF4BC69C1EE1F683004A74D7 /* AmazonPaymentService.m */ = {isa = PBXFileReference; fileEncoding = 4; lastKnownFileType = sourcecode.c.objc; path = AmazonPaymentService.m; sourceTree = "<group>"; };
		FF4BC69E1EE1FEEB004A74D7 /* ApplePaymentService.h */ = {isa = PBXFileReference; fileEncoding = 4; lastKnownFileType = sourcecode.c.h; path = ApplePaymentService.h; sourceTree = "<group>"; };
		FF4BC69F1EE1FEEB004A74D7 /* ApplePaymentService.m */ = {isa = PBXFileReference; fileEncoding = 4; lastKnownFileType = sourcecode.c.objc; path = ApplePaymentService.m; sourceTree = "<group>"; };
/* End PBXFileReference section */

/* Begin PBXFrameworksBuildPhase section */
		FF4BC6851EE1EFA8004A74D7 /* Frameworks */ = {
			isa = PBXFrameworksBuildPhase;
			buildActionMask = 2147483647;
			files = (
			);
			runOnlyForDeploymentPostprocessing = 0;
		};
/* End PBXFrameworksBuildPhase section */

/* Begin PBXGroup section */
		FF4BC67F1EE1EFA8004A74D7 = {
			isa = PBXGroup;
			children = (
				FF4BC68A1EE1EFA8004A74D7 /* Payments */,
				FF4BC6891EE1EFA8004A74D7 /* Products */,
			);
			sourceTree = "<group>";
		};
		FF4BC6891EE1EFA8004A74D7 /* Products */ = {
			isa = PBXGroup;
			children = (
				FF4BC6881EE1EFA8004A74D7 /* Payments */,
			);
			name = Products;
			sourceTree = "<group>";
		};
		FF4BC68A1EE1EFA8004A74D7 /* Payments */ = {
			isa = PBXGroup;
			children = (
				FF4BC68B1EE1EFA8004A74D7 /* main.m */,
				FF4BC6921EE1F575004A74D7 /* PaymentGateway.h */,
				FF4BC6931EE1F575004A74D7 /* PaymentGateway.m */,
				FF4BC6951EE1F65D004A74D7 /* PaypalPaymentService.h */,
				FF4BC6961EE1F65D004A74D7 /* PaypalPaymentService.m */,
				FF4BC6981EE1F676004A74D7 /* StripePaymentService.h */,
				FF4BC6991EE1F676004A74D7 /* StripePaymentService.m */,
				FF4BC69B1EE1F683004A74D7 /* AmazonPaymentService.h */,
				FF4BC69C1EE1F683004A74D7 /* AmazonPaymentService.m */,
				FF4BC69E1EE1FEEB004A74D7 /* ApplePaymentService.h */,
				FF4BC69F1EE1FEEB004A74D7 /* ApplePaymentService.m */,
			);
			path = Payments;
			sourceTree = "<group>";
		};
/* End PBXGroup section */

/* Begin PBXNativeTarget section */
		FF4BC6871EE1EFA8004A74D7 /* Payments */ = {
			isa = PBXNativeTarget;
			buildConfigurationList = FF4BC68F1EE1EFA8004A74D7 /* Build configuration list for PBXNativeTarget "Payments" */;
			buildPhases = (
				FF4BC6841EE1EFA8004A74D7 /* Sources */,
				FF4BC6851EE1EFA8004A74D7 /* Frameworks */,
				FF4BC6861EE1EFA8004A74D7 /* CopyFiles */,
			);
			buildRules = (
			);
			dependencies = (
			);
			name = Payments;
			productName = Payments;
			productReference = FF4BC6881EE1EFA8004A74D7 /* Payments */;
			productType = "com.apple.product-type.tool";
		};
/* End PBXNativeTarget section */

/* Begin PBXProject section */
		FF4BC6801EE1EFA8004A74D7 /* Project object */ = {
			isa = PBXProject;
			attributes = {
				LastUpgradeCheck = 0810;
				ORGANIZATIONNAME = "Jimmy Hoang";
				TargetAttributes = {
					FF4BC6871EE1EFA8004A74D7 = {
						CreatedOnToolsVersion = 8.1;
						ProvisioningStyle = Automatic;
					};
				};
			};
			buildConfigurationList = FF4BC6831EE1EFA8004A74D7 /* Build configuration list for PBXProject "Payments" */;
			compatibilityVersion = "Xcode 3.2";
			developmentRegion = English;
			hasScannedForEncodings = 0;
			knownRegions = (
				en,
			);
			mainGroup = FF4BC67F1EE1EFA8004A74D7;
			productRefGroup = FF4BC6891EE1EFA8004A74D7 /* Products */;
			projectDirPath = "";
			projectRoot = "";
			targets = (
				FF4BC6871EE1EFA8004A74D7 /* Payments */,
			);
		};
/* End PBXProject section */

/* Begin PBXSourcesBuildPhase section */
		FF4BC6841EE1EFA8004A74D7 /* Sources */ = {
			isa = PBXSourcesBuildPhase;
			buildActionMask = 2147483647;
			files = (
				FF4BC68C1EE1EFA8004A74D7 /* main.m in Sources */,
				FF4BC69D1EE1F683004A74D7 /* AmazonPaymentService.m in Sources */,
				FF4BC6941EE1F575004A74D7 /* PaymentGateway.m in Sources */,
				FF4BC6A01EE1FEEB004A74D7 /* ApplePaymentService.m in Sources */,
				FF4BC6971EE1F65D004A74D7 /* PaypalPaymentService.m in Sources */,
				FF4BC69A1EE1F676004A74D7 /* StripePaymentService.m in Sources */,
			);
			runOnlyForDeploymentPostprocessing = 0;
		};
/* End PBXSourcesBuildPhase section */

/* Begin XCBuildConfiguration section */
		FF4BC68D1EE1EFA8004A74D7 /* Debug */ = {
			isa = XCBuildConfiguration;
			buildSettings = {
				ALWAYS_SEARCH_USER_PATHS = NO;
				CLANG_ANALYZER_NONNULL = YES;
				CLANG_CXX_LANGUAGE_STANDARD = "gnu++0x";
				CLANG_CXX_LIBRARY = "libc++";
				CLANG_ENABLE_MODULES = YES;
				CLANG_ENABLE_OBJC_ARC = YES;
				CLANG_WARN_BOOL_CONVERSION = YES;
				CLANG_WARN_CONSTANT_CONVERSION = YES;
				CLANG_WARN_DIRECT_OBJC_ISA_USAGE = YES_ERROR;
				CLANG_WARN_DOCUMENTATION_COMMENTS = YES;
				CLANG_WARN_EMPTY_BODY = YES;
				CLANG_WARN_ENUM_CONVERSION = YES;
				CLANG_WARN_INFINITE_RECURSION = YES;
				CLANG_WARN_INT_CONVERSION = YES;
				CLANG_WARN_OBJC_ROOT_CLASS = YES_ERROR;
				CLANG_WARN_SUSPICIOUS_MOVES = YES;
				CLANG_WARN_UNREACHABLE_CODE = YES;
				CLANG_WARN__DUPLICATE_METHOD_MATCH = YES;
				CODE_SIGN_IDENTITY = "-";
				COPY_PHASE_STRIP = NO;
				DEBUG_INFORMATION_FORMAT = dwarf;
				ENABLE_STRICT_OBJC_MSGSEND = YES;
				ENABLE_TESTABILITY = YES;
				GCC_C_LANGUAGE_STANDARD = gnu99;
				GCC_DYNAMIC_NO_PIC = NO;
				GCC_NO_COMMON_BLOCKS = YES;
				GCC_OPTIMIZATION_LEVEL = 0;
				GCC_PREPROCESSOR_DEFINITIONS = (
					"DEBUG=1",
					"$(inherited)",
				);
				GCC_WARN_64_TO_32_BIT_CONVERSION = YES;
				GCC_WARN_ABOUT_RETURN_TYPE = YES_ERROR;
				GCC_WARN_UNDECLARED_SELECTOR = YES;
				GCC_WARN_UNINITIALIZED_AUTOS = YES_AGGRESSIVE;
				GCC_WARN_UNUSED_FUNCTION = YES;
				GCC_WARN_UNUSED_VARIABLE = YES;
				MACOSX_DEPLOYMENT_TARGET = 10.12;
				MTL_ENABLE_DEBUG_INFO = YES;
				ONLY_ACTIVE_ARCH = YES;
				SDKROOT = macosx;
			};
			name = Debug;
		};
		FF4BC68E1EE1EFA8004A74D7 /* Release */ = {
			isa = XCBuildConfiguration;
			buildSettings = {
				ALWAYS_SEARCH_USER_PATHS = NO;
				CLANG_ANALYZER_NONNULL = YES;
				CLANG_CXX_LANGUAGE_STANDARD = "gnu++0x";
				CLANG_CXX_LIBRARY = "libc++";
				CLANG_ENABLE_MODULES = YES;
				CLANG_ENABLE_OBJC_ARC = YES;
				CLANG_WARN_BOOL_CONVERSION = YES;
				CLANG_WARN_CONSTANT_CONVERSION = YES;
				CLANG_WARN_DIRECT_OBJC_ISA_USAGE = YES_ERROR;
				CLANG_WARN_DOCUMENTATION_COMMENTS = YES;
				CLANG_WARN_EMPTY_BODY = YES;
				CLANG_WARN_ENUM_CONVERSION = YES;
				CLANG_WARN_INFINITE_RECURSION = YES;
				CLANG_WARN_INT_CONVERSION = YES;
				CLANG_WARN_OBJC_ROOT_CLASS = YES_ERROR;
				CLANG_WARN_SUSPICIOUS_MOVES = YES;
				CLANG_WARN_UNREACHABLE_CODE = YES;
				CLANG_WARN__DUPLICATE_METHOD_MATCH = YES;
				CODE_SIGN_IDENTITY = "-";
				COPY_PHASE_STRIP = NO;
				DEBUG_INFORMATION_FORMAT = "dwarf-with-dsym";
				ENABLE_NS_ASSERTIONS = NO;
				ENABLE_STRICT_OBJC_MSGSEND = YES;
				GCC_C_LANGUAGE_STANDARD = gnu99;
				GCC_NO_COMMON_BLOCKS = YES;
				GCC_WARN_64_TO_32_BIT_CONVERSION = YES;
				GCC_WARN_ABOUT_RETURN_TYPE = YES_ERROR;
				GCC_WARN_UNDECLARED_SELECTOR = YES;
				GCC_WARN_UNINITIALIZED_AUTOS = YES_AGGRESSIVE;
				GCC_WARN_UNUSED_FUNCTION = YES;
				GCC_WARN_UNUSED_VARIABLE = YES;
				MACOSX_DEPLOYMENT_TARGET = 10.12;
				MTL_ENABLE_DEBUG_INFO = NO;
				SDKROOT = macosx;
			};
			name = Release;
		};
		FF4BC6901EE1EFA8004A74D7 /* Debug */ = {
			isa = XCBuildConfiguration;
			buildSettings = {
				PRODUCT_NAME = "$(TARGET_NAME)";
			};
			name = Debug;
		};
		FF4BC6911EE1EFA8004A74D7 /* Release */ = {
			isa = XCBuildConfiguration;
			buildSettings = {
				PRODUCT_NAME = "$(TARGET_NAME)";
			};
			name = Release;
		};
/* End XCBuildConfiguration section */

/* Begin XCConfigurationList section */
		FF4BC6831EE1EFA8004A74D7 /* Build configuration list for PBXProject "Payments" */ = {
			isa = XCConfigurationList;
			buildConfigurations = (
				FF4BC68D1EE1EFA8004A74D7 /* Debug */,
				FF4BC68E1EE1EFA8004A74D7 /* Release */,
			);
			defaultConfigurationIsVisible = 0;
			defaultConfigurationName = Release;
		};
		FF4BC68F1EE1EFA8004A74D7 /* Build configuration list for PBXNativeTarget "Payments" */ = {
			isa = XCConfigurationList;
			buildConfigurations = (
				FF4BC6901EE1EFA8004A74D7 /* Debug */,
				FF4BC6911EE1EFA8004A74D7 /* Release */,
			);
			defaultConfigurationIsVisible = 0;
		};
/* End XCConfigurationList section */
	};
	rootObject = FF4BC6801EE1EFA8004A74D7 /* Project object */;
}
